
Microsoft Visual Studio Solution File, Format Version 12.00
# Visual Studio Version 16
VisualStudioVersion = 16.0.35130.168
MinimumVisualStudioVersion = 10.0.40219.1
Project("{8BC9CEB8-8B4A-11D0-8D11-00A0C91BC942}") = "GB28181DeviceSimulator", "GB28181DeviceSimulator\GB28181DeviceSimulator.vcxproj", "{C9903414-57A2-4311-9A4B-DECD3BCEDB34}"
EndProject
Project("{8BC9CEB8-8B4A-11D0-8D11-00A0C91BC942}") = "libEasyGBD", "libEasyGBD\libEasyGBD.vcxproj", "{8BF88C84-EED1-4FD7-A6BE-41913BDA8BB7}"
EndProject
Project("{FAE04EC0-301F-11D3-BF4B-00C04F79EFBC}") = "GB28181SimulatorWpf", "GB28181SimulatorWpf\GB28181SimulatorWpf.csproj", "{E0A6B9F9-19B7-43B6-BA2F-A926AA221514}"
EndProject
Global
	GlobalSection(SolutionConfigurationPlatforms) = preSolution
		Debug|x64 = Debug|x64
		Debug|x86 = Debug|x86
		Debug|Any CPU = Debug|Any CPU
		GB28181Device_Easy|x64 = GB28181Device_Easy|x64
		GB28181Device_Easy|x86 = GB28181Device_Easy|x86
		GB28181Device_Easy|Any CPU = GB28181Device_Easy|Any CPU
		Release|x64 = Release|x64
		Release|x86 = Release|x86
		Release|Any CPU = Release|Any CPU
	EndGlobalSection
	GlobalSection(ProjectConfigurationPlatforms) = postSolution
		{C9903414-57A2-4311-9A4B-DECD3BCEDB34}.Debug|x64.ActiveCfg = Debug|x64
		{C9903414-57A2-4311-9A4B-DECD3BCEDB34}.Debug|x64.Build.0 = Debug|x64
		{C9903414-57A2-4311-9A4B-DECD3BCEDB34}.Debug|x86.ActiveCfg = Debug|Win32
		{C9903414-57A2-4311-9A4B-DECD3BCEDB34}.Debug|x86.Build.0 = Debug|Win32
		{C9903414-57A2-4311-9A4B-DECD3BCEDB34}.Debug|Any CPU.ActiveCfg = Debug|x64
		{C9903414-57A2-4311-9A4B-DECD3BCEDB34}.Debug|Any CPU.Build.0 = Debug|x64
		{C9903414-57A2-4311-9A4B-DECD3BCEDB34}.GB28181Device_Easy|x64.ActiveCfg = Release|x64
		{C9903414-57A2-4311-9A4B-DECD3BCEDB34}.GB28181Device_Easy|x64.Build.0 = Release|x64
		{C9903414-57A2-4311-9A4B-DECD3BCEDB34}.GB28181Device_Easy|x86.ActiveCfg = Release|Win32
		{C9903414-57A2-4311-9A4B-DECD3BCEDB34}.GB28181Device_Easy|x86.Build.0 = Release|Win32
		{C9903414-57A2-4311-9A4B-DECD3BCEDB34}.GB28181Device_Easy|Any CPU.ActiveCfg = GB28181Device_Easy|x64
		{C9903414-57A2-4311-9A4B-DECD3BCEDB34}.GB28181Device_Easy|Any CPU.Build.0 = GB28181Device_Easy|x64
		{C9903414-57A2-4311-9A4B-DECD3BCEDB34}.Release|x64.ActiveCfg = Release|x64
		{C9903414-57A2-4311-9A4B-DECD3BCEDB34}.Release|x64.Build.0 = Release|x64
		{C9903414-57A2-4311-9A4B-DECD3BCEDB34}.Release|x86.ActiveCfg = Release|Win32
		{C9903414-57A2-4311-9A4B-DECD3BCEDB34}.Release|x86.Build.0 = Release|Win32
		{C9903414-57A2-4311-9A4B-DECD3BCEDB34}.Release|Any CPU.ActiveCfg = Release|x64
		{C9903414-57A2-4311-9A4B-DECD3BCEDB34}.Release|Any CPU.Build.0 = Release|x64
		{8BF88C84-EED1-4FD7-A6BE-41913BDA8BB7}.Debug|x64.ActiveCfg = Debug|x64
		{8BF88C84-EED1-4FD7-A6BE-41913BDA8BB7}.Debug|x64.Build.0 = Debug|x64
		{8BF88C84-EED1-4FD7-A6BE-41913BDA8BB7}.Debug|x86.ActiveCfg = Debug|Win32
		{8BF88C84-EED1-4FD7-A6BE-41913BDA8BB7}.Debug|x86.Build.0 = Debug|Win32
		{8BF88C84-EED1-4FD7-A6BE-41913BDA8BB7}.Debug|Any CPU.ActiveCfg = Debug|x64
		{8BF88C84-EED1-4FD7-A6BE-41913BDA8BB7}.Debug|Any CPU.Build.0 = Debug|x64
		{8BF88C84-EED1-4FD7-A6BE-41913BDA8BB7}.GB28181Device_Easy|x64.ActiveCfg = GB28181Device_Easy|x64
		{8BF88C84-EED1-4FD7-A6BE-41913BDA8BB7}.GB28181Device_Easy|x64.Build.0 = GB28181Device_Easy|x64
		{8BF88C84-EED1-4FD7-A6BE-41913BDA8BB7}.GB28181Device_Easy|x86.ActiveCfg = GB28181Device_Easy|Win32
		{8BF88C84-EED1-4FD7-A6BE-41913BDA8BB7}.GB28181Device_Easy|x86.Build.0 = GB28181Device_Easy|Win32
		{8BF88C84-EED1-4FD7-A6BE-41913BDA8BB7}.GB28181Device_Easy|Any CPU.ActiveCfg = GB28181Device_Easy|x64
		{8BF88C84-EED1-4FD7-A6BE-41913BDA8BB7}.GB28181Device_Easy|Any CPU.Build.0 = GB28181Device_Easy|x64
		{8BF88C84-EED1-4FD7-A6BE-41913BDA8BB7}.Release|x64.ActiveCfg = Release|x64
		{8BF88C84-EED1-4FD7-A6BE-41913BDA8BB7}.Release|x64.Build.0 = Release|x64
		{8BF88C84-EED1-4FD7-A6BE-41913BDA8BB7}.Release|x86.ActiveCfg = Release|Win32
		{8BF88C84-EED1-4FD7-A6BE-41913BDA8BB7}.Release|x86.Build.0 = Release|Win32
		{8BF88C84-EED1-4FD7-A6BE-41913BDA8BB7}.Release|Any CPU.ActiveCfg = Release|x64
		{8BF88C84-EED1-4FD7-A6BE-41913BDA8BB7}.Release|Any CPU.Build.0 = Release|x64
		{E0A6B9F9-19B7-43B6-BA2F-A926AA221514}.Debug|x64.ActiveCfg = Debug|Any CPU
		{E0A6B9F9-19B7-43B6-BA2F-A926AA221514}.Debug|x64.Build.0 = Debug|Any CPU
		{E0A6B9F9-19B7-43B6-BA2F-A926AA221514}.Debug|x86.ActiveCfg = Debug|Any CPU
		{E0A6B9F9-19B7-43B6-BA2F-A926AA221514}.Debug|x86.Build.0 = Debug|Any CPU
		{E0A6B9F9-19B7-43B6-BA2F-A926AA221514}.Debug|Any CPU.ActiveCfg = Debug|Any CPU
		{E0A6B9F9-19B7-43B6-BA2F-A926AA221514}.Debug|Any CPU.Build.0 = Debug|Any CPU
		{E0A6B9F9-19B7-43B6-BA2F-A926AA221514}.GB28181Device_Easy|x64.ActiveCfg = Debug|Any CPU
		{E0A6B9F9-19B7-43B6-BA2F-A926AA221514}.GB28181Device_Easy|x64.Build.0 = Debug|Any CPU
		{E0A6B9F9-19B7-43B6-BA2F-A926AA221514}.GB28181Device_Easy|x86.ActiveCfg = Debug|Any CPU
		{E0A6B9F9-19B7-43B6-BA2F-A926AA221514}.GB28181Device_Easy|x86.Build.0 = Debug|Any CPU
		{E0A6B9F9-19B7-43B6-BA2F-A926AA221514}.GB28181Device_Easy|Any CPU.ActiveCfg = Debug|Any CPU
		{E0A6B9F9-19B7-43B6-BA2F-A926AA221514}.GB28181Device_Easy|Any CPU.Build.0 = Debug|Any CPU
		{E0A6B9F9-19B7-43B6-BA2F-A926AA221514}.Release|x64.ActiveCfg = Release|Any CPU
		{E0A6B9F9-19B7-43B6-BA2F-A926AA221514}.Release|x64.Build.0 = Release|Any CPU
		{E0A6B9F9-19B7-43B6-BA2F-A926AA221514}.Release|x86.ActiveCfg = Release|Any CPU
		{E0A6B9F9-19B7-43B6-BA2F-A926AA221514}.Release|x86.Build.0 = Release|Any CPU
		{E0A6B9F9-19B7-43B6-BA2F-A926AA221514}.Release|Any CPU.ActiveCfg = Release|Any CPU
		{E0A6B9F9-19B7-43B6-BA2F-A926AA221514}.Release|Any CPU.Build.0 = Release|Any CPU
	EndGlobalSection
	GlobalSection(SolutionProperties) = preSolution
		HideSolutionNode = FALSE
	EndGlobalSection
	GlobalSection(ExtensibilityGlobals) = postSolution
		SolutionGuid = {94A97806-9F08-40AB-853E-1FB4FA7E1ED8}
	EndGlobalSection
EndGlobal
